// !$*UTF8*$!
{
	archiveVersion = 1;
	classes = {
	};
	objectVersion = 52;
	objects = {

/* Begin PBXBuildFile section */
		AB5FCE592720124100D695DA /* NotificationCell.swift in Sources */ = {isa = PBXBuildFile; fileRef = AB5FCE572720124100D695DA /* NotificationCell.swift */; };
		AB5FCE5A2720124100D695DA /* NotificationCell.xib in Resources */ = {isa = PBXBuildFile; fileRef = AB5FCE582720124100D695DA /* NotificationCell.xib */; };
		AB7F825F2716D0D70054DA5E /* AppDelegate.swift in Sources */ = {isa = PBXBuildFile; fileRef = AB7F825E2716D0D70054DA5E /* AppDelegate.swift */; };
		AB7F82612716D0D70054DA5E /* SceneDelegate.swift in Sources */ = {isa = PBXBuildFile; fileRef = AB7F82602716D0D70054DA5E /* SceneDelegate.swift */; };
		AB7F82632716D0D70054DA5E /* ViewController.swift in Sources */ = {isa = PBXBuildFile; fileRef = AB7F82622716D0D70054DA5E /* ViewController.swift */; };
		AB7F82662716D0D70054DA5E /* Main.storyboard in Resources */ = {isa = PBXBuildFile; fileRef = AB7F82642716D0D70054DA5E /* Main.storyboard */; };
		AB7F82682716D0DF0054DA5E /* Assets.xcassets in Resources */ = {isa = PBXBuildFile; fileRef = AB7F82672716D0DF0054DA5E /* Assets.xcassets */; };
		AB7F826B2716D0DF0054DA5E /* LaunchScreen.storyboard in Resources */ = {isa = PBXBuildFile; fileRef = AB7F82692716D0DF0054DA5E /* LaunchScreen.storyboard */; };
		AB7F82752716D7CE0054DA5E /* FirebaseMessaging in Frameworks */ = {isa = PBXBuildFile; productRef = AB7F82742716D7CE0054DA5E /* FirebaseMessaging */; };
		AB7F82782716D86B0054DA5E /* GoogleService-Info.plist in Resources */ = {isa = PBXBuildFile; fileRef = AB7F82772716D86B0054DA5E /* GoogleService-Info.plist */; };
		AB7F827C2716DC4F0054DA5E /* LoginViewController.swift in Sources */ = {isa = PBXBuildFile; fileRef = AB7F827B2716DC4F0054DA5E /* LoginViewController.swift */; };
		AB7F82812716E2B50054DA5E /* RegisterViewController.swift in Sources */ = {isa = PBXBuildFile; fileRef = AB7F82802716E2B50054DA5E /* RegisterViewController.swift */; };
		AB7F828427170E4B0054DA5E /* User.swift in Sources */ = {isa = PBXBuildFile; fileRef = AB7F828327170E4B0054DA5E /* User.swift */; };
		AB7F828B271710B30054DA5E /* HttpRequest.swift in Sources */ = {isa = PBXBuildFile; fileRef = AB7F828A271710B30054DA5E /* HttpRequest.swift */; };
		AB7F829427181B220054DA5E /* PushNotificationManager.swift in Sources */ = {isa = PBXBuildFile; fileRef = AB7F829327181B220054DA5E /* PushNotificationManager.swift */; };
		AB7F8298271820270054DA5E /* DeviceViewController.swift in Sources */ = {isa = PBXBuildFile; fileRef = AB7F8297271820270054DA5E /* DeviceViewController.swift */; };
		AB7F82AB271837950054DA5E /* DeviceCell.swift in Sources */ = {isa = PBXBuildFile; fileRef = AB7F82A9271837950054DA5E /* DeviceCell.swift */; };
		AB7F82AC271837950054DA5E /* DeviceCell.xib in Resources */ = {isa = PBXBuildFile; fileRef = AB7F82AA271837950054DA5E /* DeviceCell.xib */; };
		AB7F82B127197DEA0054DA5E /* ApiObjects.swift in Sources */ = {isa = PBXBuildFile; fileRef = AB7F82B027197DEA0054DA5E /* ApiObjects.swift */; };
		AB7F82B5271A9E630054DA5E /* ApiContext.swift in Sources */ = {isa = PBXBuildFile; fileRef = AB7F82B4271A9E620054DA5E /* ApiContext.swift */; };
		AB7F82BC271BE2CA0054DA5E /* Utils.swift in Sources */ = {isa = PBXBuildFile; fileRef = AB7F82BB271BE2CA0054DA5E /* Utils.swift */; };
		AB7F82C3271C45340054DA5E /* HistoryViewController.swift in Sources */ = {isa = PBXBuildFile; fileRef = AB7F82C2271C45340054DA5E /* HistoryViewController.swift */; };
		AB7F82CE271D42490054DA5E /* HistoryCell.swift in Sources */ = {isa = PBXBuildFile; fileRef = AB7F82CC271D42490054DA5E /* HistoryCell.swift */; };
		AB7F82CF271D42490054DA5E /* HistoryCell.xib in Resources */ = {isa = PBXBuildFile; fileRef = AB7F82CD271D42490054DA5E /* HistoryCell.xib */; };
		AB7F82D2271D72CF0054DA5E /* LiveViewController.swift in Sources */ = {isa = PBXBuildFile; fileRef = AB7F82D1271D72CF0054DA5E /* LiveViewController.swift */; };
		AB7F82D5271D77460054DA5E /* SettingsViewController.swift in Sources */ = {isa = PBXBuildFile; fileRef = AB7F82D4271D77460054DA5E /* SettingsViewController.swift */; };
		AB7F82D9271D79780054DA5E /* NotificationViewController.swift in Sources */ = {isa = PBXBuildFile; fileRef = AB7F82D8271D79780054DA5E /* NotificationViewController.swift */; };
		AB7F82DE271D79990054DA5E /* GlobalSettingsViewController.swift in Sources */ = {isa = PBXBuildFile; fileRef = AB7F82DD271D79990054DA5E /* GlobalSettingsViewController.swift */; };
		AB7F82E2271D79B30054DA5E /* BluetoothViewController.swift in Sources */ = {isa = PBXBuildFile; fileRef = AB7F82E1271D79B30054DA5E /* BluetoothViewController.swift */; };
		AB7F82E8271ED9230054DA5E /* MJPEGStreamLib.swift in Sources */ = {isa = PBXBuildFile; fileRef = AB7F82E7271ED9230054DA5E /* MJPEGStreamLib.swift */; };
/* End PBXBuildFile section */

/* Begin PBXFileReference section */
		AB5FCE572720124100D695DA /* NotificationCell.swift */ = {isa = PBXFileReference; lastKnownFileType = sourcecode.swift; path = NotificationCell.swift; sourceTree = "<group>"; };
		AB5FCE582720124100D695DA /* NotificationCell.xib */ = {isa = PBXFileReference; lastKnownFileType = file.xib; path = NotificationCell.xib; sourceTree = "<group>"; };
		AB7F825B2716D0D70054DA5E /* CleverCam.app */ = {isa = PBXFileReference; explicitFileType = wrapper.application; includeInIndex = 0; path = CleverCam.app; sourceTree = BUILT_PRODUCTS_DIR; };
		AB7F825E2716D0D70054DA5E /* AppDelegate.swift */ = {isa = PBXFileReference; lastKnownFileType = sourcecode.swift; path = AppDelegate.swift; sourceTree = "<group>"; };
		AB7F82602716D0D70054DA5E /* SceneDelegate.swift */ = {isa = PBXFileReference; lastKnownFileType = sourcecode.swift; path = SceneDelegate.swift; sourceTree = "<group>"; };
		AB7F82622716D0D70054DA5E /* ViewController.swift */ = {isa = PBXFileReference; lastKnownFileType = sourcecode.swift; path = ViewController.swift; sourceTree = "<group>"; };
		AB7F82652716D0D70054DA5E /* Base */ = {isa = PBXFileReference; lastKnownFileType = file.storyboard; name = Base; path = Base.lproj/Main.storyboard; sourceTree = "<group>"; };
		AB7F82672716D0DF0054DA5E /* Assets.xcassets */ = {isa = PBXFileReference; lastKnownFileType = folder.assetcatalog; path = Assets.xcassets; sourceTree = "<group>"; };
		AB7F826A2716D0DF0054DA5E /* Base */ = {isa = PBXFileReference; lastKnownFileType = file.storyboard; name = Base; path = Base.lproj/LaunchScreen.storyboard; sourceTree = "<group>"; };
		AB7F826C2716D0DF0054DA5E /* Info.plist */ = {isa = PBXFileReference; lastKnownFileType = text.plist.xml; path = Info.plist; sourceTree = "<group>"; };
		AB7F82772716D86B0054DA5E /* GoogleService-Info.plist */ = {isa = PBXFileReference; fileEncoding = 4; lastKnownFileType = text.plist.xml; path = "GoogleService-Info.plist"; sourceTree = "<group>"; };
		AB7F827B2716DC4F0054DA5E /* LoginViewController.swift */ = {isa = PBXFileReference; lastKnownFileType = sourcecode.swift; path = LoginViewController.swift; sourceTree = "<group>"; };
		AB7F82802716E2B50054DA5E /* RegisterViewController.swift */ = {isa = PBXFileReference; lastKnownFileType = sourcecode.swift; path = RegisterViewController.swift; sourceTree = "<group>"; };
		AB7F828327170E4B0054DA5E /* User.swift */ = {isa = PBXFileReference; lastKnownFileType = sourcecode.swift; path = User.swift; sourceTree = "<group>"; };
		AB7F828A271710B30054DA5E /* HttpRequest.swift */ = {isa = PBXFileReference; lastKnownFileType = sourcecode.swift; path = HttpRequest.swift; sourceTree = "<group>"; };
		AB7F829327181B220054DA5E /* PushNotificationManager.swift */ = {isa = PBXFileReference; lastKnownFileType = sourcecode.swift; path = PushNotificationManager.swift; sourceTree = "<group>"; };
		AB7F8297271820270054DA5E /* DeviceViewController.swift */ = {isa = PBXFileReference; lastKnownFileType = sourcecode.swift; path = DeviceViewController.swift; sourceTree = "<group>"; };
		AB7F82A9271837950054DA5E /* DeviceCell.swift */ = {isa = PBXFileReference; lastKnownFileType = sourcecode.swift; path = DeviceCell.swift; sourceTree = "<group>"; };
		AB7F82AA271837950054DA5E /* DeviceCell.xib */ = {isa = PBXFileReference; lastKnownFileType = file.xib; path = DeviceCell.xib; sourceTree = "<group>"; };
		AB7F82B027197DEA0054DA5E /* ApiObjects.swift */ = {isa = PBXFileReference; lastKnownFileType = sourcecode.swift; path = ApiObjects.swift; sourceTree = "<group>"; };
		AB7F82B4271A9E620054DA5E /* ApiContext.swift */ = {isa = PBXFileReference; lastKnownFileType = sourcecode.swift; path = ApiContext.swift; sourceTree = "<group>"; };
		AB7F82BB271BE2CA0054DA5E /* Utils.swift */ = {isa = PBXFileReference; lastKnownFileType = sourcecode.swift; path = Utils.swift; sourceTree = "<group>"; };
		AB7F82C2271C45340054DA5E /* HistoryViewController.swift */ = {isa = PBXFileReference; lastKnownFileType = sourcecode.swift; path = HistoryViewController.swift; sourceTree = "<group>"; };
		AB7F82CC271D42490054DA5E /* HistoryCell.swift */ = {isa = PBXFileReference; lastKnownFileType = sourcecode.swift; path = HistoryCell.swift; sourceTree = "<group>"; };
		AB7F82CD271D42490054DA5E /* HistoryCell.xib */ = {isa = PBXFileReference; lastKnownFileType = file.xib; path = HistoryCell.xib; sourceTree = "<group>"; };
		AB7F82D1271D72CF0054DA5E /* LiveViewController.swift */ = {isa = PBXFileReference; lastKnownFileType = sourcecode.swift; path = LiveViewController.swift; sourceTree = "<group>"; };
		AB7F82D4271D77460054DA5E /* SettingsViewController.swift */ = {isa = PBXFileReference; lastKnownFileType = sourcecode.swift; path = SettingsViewController.swift; sourceTree = "<group>"; };
		AB7F82D8271D79780054DA5E /* NotificationViewController.swift */ = {isa = PBXFileReference; lastKnownFileType = sourcecode.swift; path = NotificationViewController.swift; sourceTree = "<group>"; };
		AB7F82DD271D79990054DA5E /* GlobalSettingsViewController.swift */ = {isa = PBXFileReference; lastKnownFileType = sourcecode.swift; path = GlobalSettingsViewController.swift; sourceTree = "<group>"; };
		AB7F82E1271D79B30054DA5E /* BluetoothViewController.swift */ = {isa = PBXFileReference; lastKnownFileType = sourcecode.swift; path = BluetoothViewController.swift; sourceTree = "<group>"; };
		AB7F82E7271ED9230054DA5E /* MJPEGStreamLib.swift */ = {isa = PBXFileReference; lastKnownFileType = sourcecode.swift; path = MJPEGStreamLib.swift; sourceTree = "<group>"; };
/* End PBXFileReference section */

/* Begin PBXFrameworksBuildPhase section */
		AB7F82582716D0D70054DA5E /* Frameworks */ = {
			isa = PBXFrameworksBuildPhase;
			buildActionMask = 2147483647;
			files = (
				AB7F82752716D7CE0054DA5E /* FirebaseMessaging in Frameworks */,
			);
			runOnlyForDeploymentPostprocessing = 0;
		};
/* End PBXFrameworksBuildPhase section */

/* Begin PBXGroup section */
		AB7F82522716D0D70054DA5E = {
			isa = PBXGroup;
			children = (
				AB7F825D2716D0D70054DA5E /* CleverCam */,
				AB7F825C2716D0D70054DA5E /* Products */,
			);
			sourceTree = "<group>";
		};
		AB7F825C2716D0D70054DA5E /* Products */ = {
			isa = PBXGroup;
			children = (
				AB7F825B2716D0D70054DA5E /* CleverCam.app */,
			);
			name = Products;
			sourceTree = "<group>";
		};
		AB7F825D2716D0D70054DA5E /* CleverCam */ = {
			isa = PBXGroup;
			children = (
				AB7F82E0271D799E0054DA5E /* bluetooth */,
				AB7F82DC271D79840054DA5E /* settings */,
				AB7F82D7271D79580054DA5E /* notification */,
				AB7F8296271820120054DA5E /* device */,
				AB7F8289271710950054DA5E /* utils */,
				AB7F827A2716DC300054DA5E /* login */,
				AB7F82772716D86B0054DA5E /* GoogleService-Info.plist */,
				AB7F825E2716D0D70054DA5E /* AppDelegate.swift */,
				AB7F82602716D0D70054DA5E /* SceneDelegate.swift */,
				AB7F82622716D0D70054DA5E /* ViewController.swift */,
				AB7F82642716D0D70054DA5E /* Main.storyboard */,
				AB7F82672716D0DF0054DA5E /* Assets.xcassets */,
				AB7F82692716D0DF0054DA5E /* LaunchScreen.storyboard */,
				AB7F826C2716D0DF0054DA5E /* Info.plist */,
			);
			path = CleverCam;
			sourceTree = "<group>";
		};
		AB7F827A2716DC300054DA5E /* login */ = {
			isa = PBXGroup;
			children = (
				AB7F827B2716DC4F0054DA5E /* LoginViewController.swift */,
				AB7F82802716E2B50054DA5E /* RegisterViewController.swift */,
				AB7F828327170E4B0054DA5E /* User.swift */,
			);
			path = login;
			sourceTree = "<group>";
		};
		AB7F8289271710950054DA5E /* utils */ = {
			isa = PBXGroup;
			children = (
				AB7F828A271710B30054DA5E /* HttpRequest.swift */,
				AB7F829327181B220054DA5E /* PushNotificationManager.swift */,
				AB7F82B4271A9E620054DA5E /* ApiContext.swift */,
				AB7F82B027197DEA0054DA5E /* ApiObjects.swift */,
				AB7F82BB271BE2CA0054DA5E /* Utils.swift */,
				AB7F82E7271ED9230054DA5E /* MJPEGStreamLib.swift */,
			);
			path = utils;
			sourceTree = "<group>";
		};
		AB7F8296271820120054DA5E /* device */ = {
			isa = PBXGroup;
			children = (
				AB7F8297271820270054DA5E /* DeviceViewController.swift */,
				AB7F82A9271837950054DA5E /* DeviceCell.swift */,
				AB7F82AA271837950054DA5E /* DeviceCell.xib */,
				AB7F82C2271C45340054DA5E /* HistoryViewController.swift */,
				AB7F82CC271D42490054DA5E /* HistoryCell.swift */,
				AB7F82CD271D42490054DA5E /* HistoryCell.xib */,
				AB7F82D1271D72CF0054DA5E /* LiveViewController.swift */,
				AB7F82D4271D77460054DA5E /* SettingsViewController.swift */,
			);
			path = device;
			sourceTree = "<group>";
		};
		AB7F82D7271D79580054DA5E /* notification */ = {
			isa = PBXGroup;
			children = (
				AB7F82D8271D79780054DA5E /* NotificationViewController.swift */,
				AB5FCE572720124100D695DA /* NotificationCell.swift */,
				AB5FCE582720124100D695DA /* NotificationCell.xib */,
			);
			path = notification;
			sourceTree = "<group>";
		};
		AB7F82DC271D79840054DA5E /* settings */ = {
			isa = PBXGroup;
			children = (
				AB7F82DD271D79990054DA5E /* GlobalSettingsViewController.swift */,
			);
			path = settings;
			sourceTree = "<group>";
		};
		AB7F82E0271D799E0054DA5E /* bluetooth */ = {
			isa = PBXGroup;
			children = (
				AB7F82E1271D79B30054DA5E /* BluetoothViewController.swift */,
			);
			path = bluetooth;
			sourceTree = "<group>";
		};
/* End PBXGroup section */

/* Begin PBXNativeTarget section */
		AB7F825A2716D0D70054DA5E /* CleverCam */ = {
			isa = PBXNativeTarget;
			buildConfigurationList = AB7F826F2716D0DF0054DA5E /* Build configuration list for PBXNativeTarget "CleverCam" */;
			buildPhases = (
				AB7F82572716D0D70054DA5E /* Sources */,
				AB7F82582716D0D70054DA5E /* Frameworks */,
				AB7F82592716D0D70054DA5E /* Resources */,
			);
			buildRules = (
			);
			dependencies = (
			);
			name = CleverCam;
			packageProductDependencies = (
				AB7F82742716D7CE0054DA5E /* FirebaseMessaging */,
			);
			productName = CleverCam;
			productReference = AB7F825B2716D0D70054DA5E /* CleverCam.app */;
			productType = "com.apple.product-type.application";
		};
/* End PBXNativeTarget section */

/* Begin PBXProject section */
		AB7F82532716D0D70054DA5E /* Project object */ = {
			isa = PBXProject;
			attributes = {
				LastSwiftUpdateCheck = 1240;
				LastUpgradeCheck = 1240;
				TargetAttributes = {
					AB7F825A2716D0D70054DA5E = {
						CreatedOnToolsVersion = 12.4;
					};
				};
			};
			buildConfigurationList = AB7F82562716D0D70054DA5E /* Build configuration list for PBXProject "CleverCam" */;
			compatibilityVersion = "Xcode 9.3";
			developmentRegion = en;
			hasScannedForEncodings = 0;
			knownRegions = (
				en,
				Base,
			);
			mainGroup = AB7F82522716D0D70054DA5E;
			packageReferences = (
				AB7F82732716D7CE0054DA5E /* XCRemoteSwiftPackageReference "firebase-ios-sdk" */,
			);
			productRefGroup = AB7F825C2716D0D70054DA5E /* Products */;
			projectDirPath = "";
			projectRoot = "";
			targets = (
				AB7F825A2716D0D70054DA5E /* CleverCam */,
			);
		};
/* End PBXProject section */

/* Begin PBXResourcesBuildPhase section */
		AB7F82592716D0D70054DA5E /* Resources */ = {
			isa = PBXResourcesBuildPhase;
			buildActionMask = 2147483647;
			files = (
				AB7F826B2716D0DF0054DA5E /* LaunchScreen.storyboard in Resources */,
				AB7F82782716D86B0054DA5E /* GoogleService-Info.plist in Resources */,
				AB7F82682716D0DF0054DA5E /* Assets.xcassets in Resources */,
				AB7F82662716D0D70054DA5E /* Main.storyboard in Resources */,
				AB5FCE5A2720124100D695DA /* NotificationCell.xib in Resources */,
				AB7F82CF271D42490054DA5E /* HistoryCell.xib in Resources */,
				AB7F82AC271837950054DA5E /* DeviceCell.xib in Resources */,
			);
			runOnlyForDeploymentPostprocessing = 0;
		};
/* End PBXResourcesBuildPhase section */

/* Begin PBXSourcesBuildPhase section */
		AB7F82572716D0D70054DA5E /* Sources */ = {
			isa = PBXSourcesBuildPhase;
			buildActionMask = 2147483647;
			files = (
				AB7F827C2716DC4F0054DA5E /* LoginViewController.swift in Sources */,
				AB7F82812716E2B50054DA5E /* RegisterViewController.swift in Sources */,
				AB7F82D2271D72CF0054DA5E /* LiveViewController.swift in Sources */,
				AB7F8298271820270054DA5E /* DeviceViewController.swift in Sources */,
				AB7F828427170E4B0054DA5E /* User.swift in Sources */,
				AB7F82B127197DEA0054DA5E /* ApiObjects.swift in Sources */,
				AB7F82C3271C45340054DA5E /* HistoryViewController.swift in Sources */,
				AB7F82BC271BE2CA0054DA5E /* Utils.swift in Sources */,
				AB7F82B5271A9E630054DA5E /* ApiContext.swift in Sources */,
				AB7F82632716D0D70054DA5E /* ViewController.swift in Sources */,
				AB7F82CE271D42490054DA5E /* HistoryCell.swift in Sources */,
				AB7F82E8271ED9230054DA5E /* MJPEGStreamLib.swift in Sources */,
				AB5FCE592720124100D695DA /* NotificationCell.swift in Sources */,
				AB7F828B271710B30054DA5E /* HttpRequest.swift in Sources */,
				AB7F82D5271D77460054DA5E /* SettingsViewController.swift in Sources */,
				AB7F829427181B220054DA5E /* PushNotificationManager.swift in Sources */,
				AB7F82D9271D79780054DA5E /* NotificationViewController.swift in Sources */,
				AB7F82DE271D79990054DA5E /* GlobalSettingsViewController.swift in Sources */,
				AB7F82AB271837950054DA5E /* DeviceCell.swift in Sources */,
				AB7F82E2271D79B30054DA5E /* BluetoothViewController.swift in Sources */,
				AB7F825F2716D0D70054DA5E /* AppDelegate.swift in Sources */,
				AB7F82612716D0D70054DA5E /* SceneDelegate.swift in Sources */,
			);
			runOnlyForDeploymentPostprocessing = 0;
		};
/* End PBXSourcesBuildPhase section */

/* Begin PBXVariantGroup section */
		AB7F82642716D0D70054DA5E /* Main.storyboard */ = {
			isa = PBXVariantGroup;
			children = (
				AB7F82652716D0D70054DA5E /* Base */,
			);
			name = Main.storyboard;
			sourceTree = "<group>";
		};
		AB7F82692716D0DF0054DA5E /* LaunchScreen.storyboard */ = {
			isa = PBXVariantGroup;
			children = (
				AB7F826A2716D0DF0054DA5E /* Base */,
			);
			name = LaunchScreen.storyboard;
			sourceTree = "<group>";
		};
/* End PBXVariantGroup section */

/* Begin XCBuildConfiguration section */
		AB7F826D2716D0DF0054DA5E /* Debug */ = {
			isa = XCBuildConfiguration;
			buildSettings = {
				ALWAYS_SEARCH_USER_PATHS = NO;
				CLANG_ANALYZER_NONNULL = YES;
				CLANG_ANALYZER_NUMBER_OBJECT_CONVERSION = YES_AGGRESSIVE;
				CLANG_CXX_LANGUAGE_STANDARD = "gnu++14";
				CLANG_CXX_LIBRARY = "libc++";
				CLANG_ENABLE_MODULES = YES;
				CLANG_ENABLE_OBJC_ARC = YES;
				CLANG_ENABLE_OBJC_WEAK = YES;
				CLANG_WARN_BLOCK_CAPTURE_AUTORELEASING = YES;
				CLANG_WARN_BOOL_CONVERSION = YES;
				CLANG_WARN_COMMA = YES;
				CLANG_WARN_CONSTANT_CONVERSION = YES;
				CLANG_WARN_DEPRECATED_OBJC_IMPLEMENTATIONS = YES;
				CLANG_WARN_DIRECT_OBJC_ISA_USAGE = YES_ERROR;
				CLANG_WARN_DOCUMENTATION_COMMENTS = YES;
				CLANG_WARN_EMPTY_BODY = YES;
				CLANG_WARN_ENUM_CONVERSION = YES;
				CLANG_WARN_INFINITE_RECURSION = YES;
				CLANG_WARN_INT_CONVERSION = YES;
				CLANG_WARN_NON_LITERAL_NULL_CONVERSION = YES;
				CLANG_WARN_OBJC_IMPLICIT_RETAIN_SELF = YES;
				CLANG_WARN_OBJC_LITERAL_CONVERSION = YES;
				CLANG_WARN_OBJC_ROOT_CLASS = YES_ERROR;
				CLANG_WARN_QUOTED_INCLUDE_IN_FRAMEWORK_HEADER = YES;
				CLANG_WARN_RANGE_LOOP_ANALYSIS = YES;
				CLANG_WARN_STRICT_PROTOTYPES = YES;
				CLANG_WARN_SUSPICIOUS_MOVE = YES;
				CLANG_WARN_UNGUARDED_AVAILABILITY = YES_AGGRESSIVE;
				CLANG_WARN_UNREACHABLE_CODE = YES;
				CLANG_WARN__DUPLICATE_METHOD_MATCH = YES;
				COPY_PHASE_STRIP = NO;
				DEBUG_INFORMATION_FORMAT = dwarf;
				ENABLE_STRICT_OBJC_MSGSEND = YES;
				ENABLE_TESTABILITY = YES;
				GCC_C_LANGUAGE_STANDARD = gnu11;
				GCC_DYNAMIC_NO_PIC = NO;
				GCC_NO_COMMON_BLOCKS = YES;
				GCC_OPTIMIZATION_LEVEL = 0;
				GCC_PREPROCESSOR_DEFINITIONS = (
					"DEBUG=1",
					"$(inherited)",
				);
				GCC_WARN_64_TO_32_BIT_CONVERSION = YES;
				GCC_WARN_ABOUT_RETURN_TYPE = YES_ERROR;
				GCC_WARN_UNDECLARED_SELECTOR = YES;
				GCC_WARN_UNINITIALIZED_AUTOS = YES_AGGRESSIVE;
				GCC_WARN_UNUSED_FUNCTION = YES;
				GCC_WARN_UNUSED_VARIABLE = YES;
				IPHONEOS_DEPLOYMENT_TARGET = 14.4;
				MTL_ENABLE_DEBUG_INFO = INCLUDE_SOURCE;
				MTL_FAST_MATH = YES;
				ONLY_ACTIVE_ARCH = YES;
				SDKROOT = iphoneos;
				SWIFT_ACTIVE_COMPILATION_CONDITIONS = DEBUG;
				SWIFT_OPTIMIZATION_LEVEL = "-Onone";
			};
			name = Debug;
		};
		AB7F826E2716D0DF0054DA5E /* Release */ = {
			isa = XCBuildConfiguration;
			buildSettings = {
				ALWAYS_SEARCH_USER_PATHS = NO;
				CLANG_ANALYZER_NONNULL = YES;
				CLANG_ANALYZER_NUMBER_OBJECT_CONVERSION = YES_AGGRESSIVE;
				CLANG_CXX_LANGUAGE_STANDARD = "gnu++14";
				CLANG_CXX_LIBRARY = "libc++";
				CLANG_ENABLE_MODULES = YES;
				CLANG_ENABLE_OBJC_ARC = YES;
				CLANG_ENABLE_OBJC_WEAK = YES;
				CLANG_WARN_BLOCK_CAPTURE_AUTORELEASING = YES;
				CLANG_WARN_BOOL_CONVERSION = YES;
				CLANG_WARN_COMMA = YES;
				CLANG_WARN_CONSTANT_CONVERSION = YES;
				CLANG_WARN_DEPRECATED_OBJC_IMPLEMENTATIONS = YES;
				CLANG_WARN_DIRECT_OBJC_ISA_USAGE = YES_ERROR;
				CLANG_WARN_DOCUMENTATION_COMMENTS = YES;
				CLANG_WARN_EMPTY_BODY = YES;
				CLANG_WARN_ENUM_CONVERSION = YES;
				CLANG_WARN_INFINITE_RECURSION = YES;
				CLANG_WARN_INT_CONVERSION = YES;
				CLANG_WARN_NON_LITERAL_NULL_CONVERSION = YES;
				CLANG_WARN_OBJC_IMPLICIT_RETAIN_SELF = YES;
				CLANG_WARN_OBJC_LITERAL_CONVERSION = YES;
				CLANG_WARN_OBJC_ROOT_CLASS = YES_ERROR;
				CLANG_WARN_QUOTED_INCLUDE_IN_FRAMEWORK_HEADER = YES;
				CLANG_WARN_RANGE_LOOP_ANALYSIS = YES;
				CLANG_WARN_STRICT_PROTOTYPES = YES;
				CLANG_WARN_SUSPICIOUS_MOVE = YES;
				CLANG_WARN_UNGUARDED_AVAILABILITY = YES_AGGRESSIVE;
				CLANG_WARN_UNREACHABLE_CODE = YES;
				CLANG_WARN__DUPLICATE_METHOD_MATCH = YES;
				COPY_PHASE_STRIP = NO;
				DEBUG_INFORMATION_FORMAT = "dwarf-with-dsym";
				ENABLE_NS_ASSERTIONS = NO;
				ENABLE_STRICT_OBJC_MSGSEND = YES;
				GCC_C_LANGUAGE_STANDARD = gnu11;
				GCC_NO_COMMON_BLOCKS = YES;
				GCC_WARN_64_TO_32_BIT_CONVERSION = YES;
				GCC_WARN_ABOUT_RETURN_TYPE = YES_ERROR;
				GCC_WARN_UNDECLARED_SELECTOR = YES;
				GCC_WARN_UNINITIALIZED_AUTOS = YES_AGGRESSIVE;
				GCC_WARN_UNUSED_FUNCTION = YES;
				GCC_WARN_UNUSED_VARIABLE = YES;
				IPHONEOS_DEPLOYMENT_TARGET = 14.4;
				MTL_ENABLE_DEBUG_INFO = NO;
				MTL_FAST_MATH = YES;
				SDKROOT = iphoneos;
				SWIFT_COMPILATION_MODE = wholemodule;
				SWIFT_OPTIMIZATION_LEVEL = "-O";
				VALIDATE_PRODUCT = YES;
			};
			name = Release;
		};
		AB7F82702716D0DF0054DA5E /* Debug */ = {
			isa = XCBuildConfiguration;
			buildSettings = {
				ASSETCATALOG_COMPILER_APPICON_NAME = AppIcon;
				ASSETCATALOG_COMPILER_GLOBAL_ACCENT_COLOR_NAME = AccentColor;
				CODE_SIGN_STYLE = Automatic;
				DEVELOPMENT_TEAM = 9426U42V69;
				INFOPLIST_FILE = CleverCam/Info.plist;
				LD_RUNPATH_SEARCH_PATHS = (
					"$(inherited)",
					"@executable_path/Frameworks",
				);
				PRODUCT_BUNDLE_IDENTIFIER = com.ibeyonde.cam;
				PRODUCT_NAME = "$(TARGET_NAME)";
				SWIFT_VERSION = 5.0;
				TARGETED_DEVICE_FAMILY = "1,2";
			};
			name = Debug;
		};
		AB7F82712716D0DF0054DA5E /* Release */ = {
			isa = XCBuildConfiguration;
			buildSettings = {
				ASSETCATALOG_COMPILER_APPICON_NAME = AppIcon;
				ASSETCATALOG_COMPILER_GLOBAL_ACCENT_COLOR_NAME = AccentColor;
				CODE_SIGN_STYLE = Automatic;
				DEVELOPMENT_TEAM = 9426U42V69;
				INFOPLIST_FILE = CleverCam/Info.plist;
				LD_RUNPATH_SEARCH_PATHS = (
					"$(inherited)",
					"@executable_path/Frameworks",
				);
				PRODUCT_BUNDLE_IDENTIFIER = com.ibeyonde.cam;
				PRODUCT_NAME = "$(TARGET_NAME)";
				SWIFT_VERSION = 5.0;
				TARGETED_DEVICE_FAMILY = "1,2";
			};
			name = Release;
		};
/* End XCBuildConfiguration section */

/* Begin XCConfigurationList section */
		AB7F82562716D0D70054DA5E /* Build configuration list for PBXProject "CleverCam" */ = {
			isa = XCConfigurationList;
			buildConfigurations = (
				AB7F826D2716D0DF0054DA5E /* Debug */,
				AB7F826E2716D0DF0054DA5E /* Release */,
			);
			defaultConfigurationIsVisible = 0;
			defaultConfigurationName = Release;
		};
		AB7F826F2716D0DF0054DA5E /* Build configuration list for PBXNativeTarget "CleverCam" */ = {
			isa = XCConfigurationList;
			buildConfigurations = (
				AB7F82702716D0DF0054DA5E /* Debug */,
				AB7F82712716D0DF0054DA5E /* Release */,
			);
			defaultConfigurationIsVisible = 0;
			defaultConfigurationName = Release;
		};
/* End XCConfigurationList section */

/* Begin XCRemoteSwiftPackageReference section */
		AB7F82732716D7CE0054DA5E /* XCRemoteSwiftPackageReference "firebase-ios-sdk" */ = {
			isa = XCRemoteSwiftPackageReference;
			repositoryURL = "https://github.com/firebase/firebase-ios-sdk.git";
			requirement = {
				kind = upToNextMajorVersion;
				minimumVersion = 8.8.1;
			};
		};
/* End XCRemoteSwiftPackageReference section */

/* Begin XCSwiftPackageProductDependency section */
		AB7F82742716D7CE0054DA5E /* FirebaseMessaging */ = {
			isa = XCSwiftPackageProductDependency;
			package = AB7F82732716D7CE0054DA5E /* XCRemoteSwiftPackageReference "firebase-ios-sdk" */;
			productName = FirebaseMessaging;
		};
/* End XCSwiftPackageProductDependency section */
	};
	rootObject = AB7F82532716D0D70054DA5E /* Project object */;
}
