// !$*UTF8*$!
{
	archiveVersion = 1;
	classes = {
	};
	objectVersion = 54;
	objects = {

/* Begin PBXBuildFile section */
		AB24ED0B27AE2F83004D34D2 /* ClientConnection.swift in Sources */ = {isa = PBXBuildFile; fileRef = AB24ED0A27AE2F83004D34D2 /* ClientConnection.swift */; };
		AB2AA5E2276855AA002EB810 /* NotificationService.swift in Sources */ = {isa = PBXBuildFile; fileRef = AB2AA5E1276855AA002EB810 /* NotificationService.swift */; };
		AB38989A275B108B00884EFC /* DeviceCell.swift in Sources */ = {isa = PBXBuildFile; fileRef = AB389898275B108B00884EFC /* DeviceCell.swift */; };
		AB38989B275B108B00884EFC /* DeviceCell.xib in Resources */ = {isa = PBXBuildFile; fileRef = AB389899275B108B00884EFC /* DeviceCell.xib */; };
		AB5FCE592720124100D695DA /* NotificationCell.swift in Sources */ = {isa = PBXBuildFile; fileRef = AB5FCE572720124100D695DA /* NotificationCell.swift */; };
		AB5FCE5A2720124100D695DA /* NotificationCell.xib in Resources */ = {isa = PBXBuildFile; fileRef = AB5FCE582720124100D695DA /* NotificationCell.xib */; };
		AB5FCE5D27201D9000D695DA /* BellAlertViewController.swift in Sources */ = {isa = PBXBuildFile; fileRef = AB5FCE5C27201D9000D695DA /* BellAlertViewController.swift */; };
		AB6FF124275B351900273902 /* HistoryCell.swift in Sources */ = {isa = PBXBuildFile; fileRef = AB6FF122275B351900273902 /* HistoryCell.swift */; };
		AB6FF125275B351900273902 /* HistoryCell.xib in Resources */ = {isa = PBXBuildFile; fileRef = AB6FF123275B351900273902 /* HistoryCell.xib */; };
		AB7F825F2716D0D70054DA5E /* AppDelegate.swift in Sources */ = {isa = PBXBuildFile; fileRef = AB7F825E2716D0D70054DA5E /* AppDelegate.swift */; };
		AB7F82612716D0D70054DA5E /* SceneDelegate.swift in Sources */ = {isa = PBXBuildFile; fileRef = AB7F82602716D0D70054DA5E /* SceneDelegate.swift */; };
		AB7F82632716D0D70054DA5E /* ViewController.swift in Sources */ = {isa = PBXBuildFile; fileRef = AB7F82622716D0D70054DA5E /* ViewController.swift */; };
		AB7F82662716D0D70054DA5E /* Main.storyboard in Resources */ = {isa = PBXBuildFile; fileRef = AB7F82642716D0D70054DA5E /* Main.storyboard */; };
		AB7F82682716D0DF0054DA5E /* Assets.xcassets in Resources */ = {isa = PBXBuildFile; fileRef = AB7F82672716D0DF0054DA5E /* Assets.xcassets */; };
		AB7F826B2716D0DF0054DA5E /* LaunchScreen.storyboard in Resources */ = {isa = PBXBuildFile; fileRef = AB7F82692716D0DF0054DA5E /* LaunchScreen.storyboard */; };
		AB7F82752716D7CE0054DA5E /* FirebaseMessaging in Frameworks */ = {isa = PBXBuildFile; productRef = AB7F82742716D7CE0054DA5E /* FirebaseMessaging */; };
		AB7F82782716D86B0054DA5E /* GoogleService-Info.plist in Resources */ = {isa = PBXBuildFile; fileRef = AB7F82772716D86B0054DA5E /* GoogleService-Info.plist */; };
		AB7F827C2716DC4F0054DA5E /* LoginViewController.swift in Sources */ = {isa = PBXBuildFile; fileRef = AB7F827B2716DC4F0054DA5E /* LoginViewController.swift */; };
		AB7F82812716E2B50054DA5E /* RegisterViewController.swift in Sources */ = {isa = PBXBuildFile; fileRef = AB7F82802716E2B50054DA5E /* RegisterViewController.swift */; };
		AB7F828427170E4B0054DA5E /* Users.swift in Sources */ = {isa = PBXBuildFile; fileRef = AB7F828327170E4B0054DA5E /* Users.swift */; };
		AB7F828B271710B30054DA5E /* HttpRequest.swift in Sources */ = {isa = PBXBuildFile; fileRef = AB7F828A271710B30054DA5E /* HttpRequest.swift */; };
		AB7F8298271820270054DA5E /* DeviceViewController.swift in Sources */ = {isa = PBXBuildFile; fileRef = AB7F8297271820270054DA5E /* DeviceViewController.swift */; };
		AB7F82B127197DEA0054DA5E /* ApiObjects.swift in Sources */ = {isa = PBXBuildFile; fileRef = AB7F82B027197DEA0054DA5E /* ApiObjects.swift */; };
		AB7F82B5271A9E630054DA5E /* ApiContext.swift in Sources */ = {isa = PBXBuildFile; fileRef = AB7F82B4271A9E620054DA5E /* ApiContext.swift */; };
		AB7F82BC271BE2CA0054DA5E /* Utils.swift in Sources */ = {isa = PBXBuildFile; fileRef = AB7F82BB271BE2CA0054DA5E /* Utils.swift */; };
		AB7F82C3271C45340054DA5E /* HistoryViewController.swift in Sources */ = {isa = PBXBuildFile; fileRef = AB7F82C2271C45340054DA5E /* HistoryViewController.swift */; };
		AB7F82D2271D72CF0054DA5E /* LiveViewController.swift in Sources */ = {isa = PBXBuildFile; fileRef = AB7F82D1271D72CF0054DA5E /* LiveViewController.swift */; };
		AB7F82D5271D77460054DA5E /* SettingsViewController.swift in Sources */ = {isa = PBXBuildFile; fileRef = AB7F82D4271D77460054DA5E /* SettingsViewController.swift */; };
		AB7F82D9271D79780054DA5E /* NotificationViewController.swift in Sources */ = {isa = PBXBuildFile; fileRef = AB7F82D8271D79780054DA5E /* NotificationViewController.swift */; };
		AB7F82DE271D79990054DA5E /* GlobalSettingsViewController.swift in Sources */ = {isa = PBXBuildFile; fileRef = AB7F82DD271D79990054DA5E /* GlobalSettingsViewController.swift */; };
		AB7F82E2271D79B30054DA5E /* BluetoothViewController.swift in Sources */ = {isa = PBXBuildFile; fileRef = AB7F82E1271D79B30054DA5E /* BluetoothViewController.swift */; };
		AB7F82E8271ED9230054DA5E /* MJPEGStreamLib.swift in Sources */ = {isa = PBXBuildFile; fileRef = AB7F82E7271ED9230054DA5E /* MJPEGStreamLib.swift */; };
		AB9BF7B92723E8A900C5B832 /* ResetViewController.swift in Sources */ = {isa = PBXBuildFile; fileRef = AB9BF7B82723E8A900C5B832 /* ResetViewController.swift */; };
		ABDC6F6427296FF100061E9B /* TimeZone.swift in Sources */ = {isa = PBXBuildFile; fileRef = ABDC6F6327296FF100061E9B /* TimeZone.swift */; };
		ABEA64D727AE4B7800DF1AAC /* IpUtils.swift in Sources */ = {isa = PBXBuildFile; fileRef = ABEA64D627AE4B7800DF1AAC /* IpUtils.swift */; };
		ABEA64F527B771CC00DF1AAC /* Peer.swift in Sources */ = {isa = PBXBuildFile; fileRef = ABEA64F427B771CC00DF1AAC /* Peer.swift */; };
		ABEA64F927B771E000DF1AAC /* Broker.swift in Sources */ = {isa = PBXBuildFile; fileRef = ABEA64F827B771E000DF1AAC /* Broker.swift */; };
		ABF755552771D3E800ED8403 /* CleverCamNSE.appex in Embed App Extensions */ = {isa = PBXBuildFile; fileRef = AB2AA5DF276855AA002EB810 /* CleverCamNSE.appex */; settings = {ATTRIBUTES = (RemoveHeadersOnCopy, ); }; };
		CD294B6B2772CC91007FF43E /* FirebaseMessaging in Frameworks */ = {isa = PBXBuildFile; productRef = CD294B6A2772CC91007FF43E /* FirebaseMessaging */; };
/* End PBXBuildFile section */

/* Begin PBXContainerItemProxy section */
		AB2AA5E4276855AA002EB810 /* PBXContainerItemProxy */ = {
			isa = PBXContainerItemProxy;
			containerPortal = AB7F82532716D0D70054DA5E /* Project object */;
			proxyType = 1;
			remoteGlobalIDString = AB2AA5DE276855AA002EB810;
			remoteInfo = CleverCamNSE;
		};
		ABF755562771D3E800ED8403 /* PBXContainerItemProxy */ = {
			isa = PBXContainerItemProxy;
			containerPortal = AB7F82532716D0D70054DA5E /* Project object */;
			proxyType = 1;
			remoteGlobalIDString = AB2AA5DE276855AA002EB810;
			remoteInfo = CleverCamNSE;
		};
/* End PBXContainerItemProxy section */

/* Begin PBXCopyFilesBuildPhase section */
		AB2AA5E7276855AA002EB810 /* Embed App Extensions */ = {
			isa = PBXCopyFilesBuildPhase;
			buildActionMask = 2147483647;
			dstPath = "";
			dstSubfolderSpec = 13;
			files = (
				ABF755552771D3E800ED8403 /* CleverCamNSE.appex in Embed App Extensions */,
			);
			name = "Embed App Extensions";
			runOnlyForDeploymentPostprocessing = 0;
		};
/* End PBXCopyFilesBuildPhase section */

/* Begin PBXFileReference section */
		AB24ED0A27AE2F83004D34D2 /* ClientConnection.swift */ = {isa = PBXFileReference; lastKnownFileType = sourcecode.swift; path = ClientConnection.swift; sourceTree = "<group>"; };
		AB2AA5DF276855AA002EB810 /* CleverCamNSE.appex */ = {isa = PBXFileReference; explicitFileType = "wrapper.app-extension"; includeInIndex = 0; path = CleverCamNSE.appex; sourceTree = BUILT_PRODUCTS_DIR; };
		AB2AA5E1276855AA002EB810 /* NotificationService.swift */ = {isa = PBXFileReference; lastKnownFileType = sourcecode.swift; path = NotificationService.swift; sourceTree = "<group>"; };
		AB2AA5E3276855AA002EB810 /* Info.plist */ = {isa = PBXFileReference; lastKnownFileType = text.plist.xml; path = Info.plist; sourceTree = "<group>"; };
		AB389898275B108B00884EFC /* DeviceCell.swift */ = {isa = PBXFileReference; lastKnownFileType = sourcecode.swift; path = DeviceCell.swift; sourceTree = "<group>"; };
		AB389899275B108B00884EFC /* DeviceCell.xib */ = {isa = PBXFileReference; lastKnownFileType = file.xib; path = DeviceCell.xib; sourceTree = "<group>"; };
		AB5FCE572720124100D695DA /* NotificationCell.swift */ = {isa = PBXFileReference; lastKnownFileType = sourcecode.swift; path = NotificationCell.swift; sourceTree = "<group>"; };
		AB5FCE582720124100D695DA /* NotificationCell.xib */ = {isa = PBXFileReference; lastKnownFileType = file.xib; path = NotificationCell.xib; sourceTree = "<group>"; };
		AB5FCE5C27201D9000D695DA /* BellAlertViewController.swift */ = {isa = PBXFileReference; lastKnownFileType = sourcecode.swift; path = BellAlertViewController.swift; sourceTree = "<group>"; };
		AB6FF122275B351900273902 /* HistoryCell.swift */ = {isa = PBXFileReference; fileEncoding = 4; lastKnownFileType = sourcecode.swift; path = HistoryCell.swift; sourceTree = "<group>"; };
		AB6FF123275B351900273902 /* HistoryCell.xib */ = {isa = PBXFileReference; fileEncoding = 4; lastKnownFileType = file.xib; path = HistoryCell.xib; sourceTree = "<group>"; };
		AB7ECEC527AD1D40006A2486 /* CleverCam-Bridging-Header.h */ = {isa = PBXFileReference; fileEncoding = 4; lastKnownFileType = sourcecode.c.h; path = "CleverCam-Bridging-Header.h"; sourceTree = "<group>"; };
		AB7F825B2716D0D70054DA5E /* CleverCam.app */ = {isa = PBXFileReference; explicitFileType = wrapper.application; includeInIndex = 0; path = CleverCam.app; sourceTree = BUILT_PRODUCTS_DIR; };
		AB7F825E2716D0D70054DA5E /* AppDelegate.swift */ = {isa = PBXFileReference; lastKnownFileType = sourcecode.swift; path = AppDelegate.swift; sourceTree = "<group>"; };
		AB7F82602716D0D70054DA5E /* SceneDelegate.swift */ = {isa = PBXFileReference; lastKnownFileType = sourcecode.swift; path = SceneDelegate.swift; sourceTree = "<group>"; };
		AB7F82622716D0D70054DA5E /* ViewController.swift */ = {isa = PBXFileReference; lastKnownFileType = sourcecode.swift; path = ViewController.swift; sourceTree = "<group>"; };
		AB7F82652716D0D70054DA5E /* Base */ = {isa = PBXFileReference; lastKnownFileType = file.storyboard; name = Base; path = Base.lproj/Main.storyboard; sourceTree = "<group>"; };
		AB7F82672716D0DF0054DA5E /* Assets.xcassets */ = {isa = PBXFileReference; lastKnownFileType = folder.assetcatalog; path = Assets.xcassets; sourceTree = "<group>"; };
		AB7F826A2716D0DF0054DA5E /* Base */ = {isa = PBXFileReference; lastKnownFileType = file.storyboard; name = Base; path = Base.lproj/LaunchScreen.storyboard; sourceTree = "<group>"; };
		AB7F826C2716D0DF0054DA5E /* Info.plist */ = {isa = PBXFileReference; lastKnownFileType = text.plist.xml; path = Info.plist; sourceTree = "<group>"; };
		AB7F82772716D86B0054DA5E /* GoogleService-Info.plist */ = {isa = PBXFileReference; fileEncoding = 4; lastKnownFileType = text.plist.xml; path = "GoogleService-Info.plist"; sourceTree = "<group>"; };
		AB7F827B2716DC4F0054DA5E /* LoginViewController.swift */ = {isa = PBXFileReference; lastKnownFileType = sourcecode.swift; path = LoginViewController.swift; sourceTree = "<group>"; };
		AB7F82802716E2B50054DA5E /* RegisterViewController.swift */ = {isa = PBXFileReference; lastKnownFileType = sourcecode.swift; path = RegisterViewController.swift; sourceTree = "<group>"; };
		AB7F828327170E4B0054DA5E /* Users.swift */ = {isa = PBXFileReference; lastKnownFileType = sourcecode.swift; path = Users.swift; sourceTree = "<group>"; };
		AB7F828A271710B30054DA5E /* HttpRequest.swift */ = {isa = PBXFileReference; lastKnownFileType = sourcecode.swift; path = HttpRequest.swift; sourceTree = "<group>"; };
		AB7F8297271820270054DA5E /* DeviceViewController.swift */ = {isa = PBXFileReference; lastKnownFileType = sourcecode.swift; path = DeviceViewController.swift; sourceTree = "<group>"; };
		AB7F82B027197DEA0054DA5E /* ApiObjects.swift */ = {isa = PBXFileReference; lastKnownFileType = sourcecode.swift; path = ApiObjects.swift; sourceTree = "<group>"; };
		AB7F82B4271A9E620054DA5E /* ApiContext.swift */ = {isa = PBXFileReference; lastKnownFileType = sourcecode.swift; path = ApiContext.swift; sourceTree = "<group>"; };
		AB7F82BB271BE2CA0054DA5E /* Utils.swift */ = {isa = PBXFileReference; lastKnownFileType = sourcecode.swift; path = Utils.swift; sourceTree = "<group>"; };
		AB7F82C2271C45340054DA5E /* HistoryViewController.swift */ = {isa = PBXFileReference; lastKnownFileType = sourcecode.swift; path = HistoryViewController.swift; sourceTree = "<group>"; };
		AB7F82D1271D72CF0054DA5E /* LiveViewController.swift */ = {isa = PBXFileReference; lastKnownFileType = sourcecode.swift; path = LiveViewController.swift; sourceTree = "<group>"; };
		AB7F82D4271D77460054DA5E /* SettingsViewController.swift */ = {isa = PBXFileReference; lastKnownFileType = sourcecode.swift; path = SettingsViewController.swift; sourceTree = "<group>"; };
		AB7F82D8271D79780054DA5E /* NotificationViewController.swift */ = {isa = PBXFileReference; lastKnownFileType = sourcecode.swift; path = NotificationViewController.swift; sourceTree = "<group>"; };
		AB7F82DD271D79990054DA5E /* GlobalSettingsViewController.swift */ = {isa = PBXFileReference; lastKnownFileType = sourcecode.swift; path = GlobalSettingsViewController.swift; sourceTree = "<group>"; };
		AB7F82E1271D79B30054DA5E /* BluetoothViewController.swift */ = {isa = PBXFileReference; lastKnownFileType = sourcecode.swift; path = BluetoothViewController.swift; sourceTree = "<group>"; };
		AB7F82E7271ED9230054DA5E /* MJPEGStreamLib.swift */ = {isa = PBXFileReference; lastKnownFileType = sourcecode.swift; path = MJPEGStreamLib.swift; sourceTree = "<group>"; };
		AB9BF7B82723E8A900C5B832 /* ResetViewController.swift */ = {isa = PBXFileReference; lastKnownFileType = sourcecode.swift; path = ResetViewController.swift; sourceTree = "<group>"; };
		ABBFAE55275B8F1C00E0BD2D /* CleverCam.entitlements */ = {isa = PBXFileReference; lastKnownFileType = text.plist.entitlements; path = CleverCam.entitlements; sourceTree = "<group>"; };
		ABDC6F6327296FF100061E9B /* TimeZone.swift */ = {isa = PBXFileReference; lastKnownFileType = sourcecode.swift; path = TimeZone.swift; sourceTree = "<group>"; };
		ABEA64D627AE4B7800DF1AAC /* IpUtils.swift */ = {isa = PBXFileReference; lastKnownFileType = sourcecode.swift; path = IpUtils.swift; sourceTree = "<group>"; };
		ABEA64F427B771CC00DF1AAC /* Peer.swift */ = {isa = PBXFileReference; lastKnownFileType = sourcecode.swift; path = Peer.swift; sourceTree = "<group>"; };
		ABEA64F827B771E000DF1AAC /* Broker.swift */ = {isa = PBXFileReference; lastKnownFileType = sourcecode.swift; path = Broker.swift; sourceTree = "<group>"; };
		ABF755602771DC5A00ED8403 /* CleverCamNSE.entitlements */ = {isa = PBXFileReference; lastKnownFileType = text.plist.entitlements; path = CleverCamNSE.entitlements; sourceTree = "<group>"; };
/* End PBXFileReference section */

/* Begin PBXFrameworksBuildPhase section */
		AB2AA5DC276855AA002EB810 /* Frameworks */ = {
			isa = PBXFrameworksBuildPhase;
			buildActionMask = 2147483647;
			files = (
				CD294B6B2772CC91007FF43E /* FirebaseMessaging in Frameworks */,
			);
			runOnlyForDeploymentPostprocessing = 0;
		};
		AB7F82582716D0D70054DA5E /* Frameworks */ = {
			isa = PBXFrameworksBuildPhase;
			buildActionMask = 2147483647;
			files = (
				AB7F82752716D7CE0054DA5E /* FirebaseMessaging in Frameworks */,
			);
			runOnlyForDeploymentPostprocessing = 0;
		};
/* End PBXFrameworksBuildPhase section */

/* Begin PBXGroup section */
		AB24ED0527AE2F25004D34D2 /* udp */ = {
			isa = PBXGroup;
			children = (
				AB24ED0A27AE2F83004D34D2 /* ClientConnection.swift */,
				ABEA64D627AE4B7800DF1AAC /* IpUtils.swift */,
				ABEA64F427B771CC00DF1AAC /* Peer.swift */,
				ABEA64F827B771E000DF1AAC /* Broker.swift */,
			);
			path = udp;
			sourceTree = "<group>";
		};
		AB2AA5E0276855AA002EB810 /* CleverCamNSE */ = {
			isa = PBXGroup;
			children = (
				ABF755602771DC5A00ED8403 /* CleverCamNSE.entitlements */,
				AB2AA5E1276855AA002EB810 /* NotificationService.swift */,
				AB2AA5E3276855AA002EB810 /* Info.plist */,
			);
			path = CleverCamNSE;
			sourceTree = "<group>";
		};
		AB7F82522716D0D70054DA5E = {
			isa = PBXGroup;
			children = (
				AB7F825D2716D0D70054DA5E /* CleverCam */,
				AB2AA5E0276855AA002EB810 /* CleverCamNSE */,
				AB7F825C2716D0D70054DA5E /* Products */,
				ABA9D2DD276705600039521E /* Frameworks */,
			);
			sourceTree = "<group>";
		};
		AB7F825C2716D0D70054DA5E /* Products */ = {
			isa = PBXGroup;
			children = (
				AB7F825B2716D0D70054DA5E /* CleverCam.app */,
				AB2AA5DF276855AA002EB810 /* CleverCamNSE.appex */,
			);
			name = Products;
			sourceTree = "<group>";
		};
		AB7F825D2716D0D70054DA5E /* CleverCam */ = {
			isa = PBXGroup;
			children = (
				ABBFAE55275B8F1C00E0BD2D /* CleverCam.entitlements */,
				AB7F82E0271D799E0054DA5E /* bluetooth */,
				AB7F82DC271D79840054DA5E /* settings */,
				AB7F82D7271D79580054DA5E /* notification */,
				AB7F8296271820120054DA5E /* device */,
				AB7F8289271710950054DA5E /* utils */,
				AB7F827A2716DC300054DA5E /* login */,
				AB7F82772716D86B0054DA5E /* GoogleService-Info.plist */,
				AB7F825E2716D0D70054DA5E /* AppDelegate.swift */,
				AB7F82602716D0D70054DA5E /* SceneDelegate.swift */,
				AB7F82622716D0D70054DA5E /* ViewController.swift */,
				AB7F82642716D0D70054DA5E /* Main.storyboard */,
				AB7F82672716D0DF0054DA5E /* Assets.xcassets */,
				AB7F82692716D0DF0054DA5E /* LaunchScreen.storyboard */,
				AB7F826C2716D0DF0054DA5E /* Info.plist */,
			);
			path = CleverCam;
			sourceTree = "<group>";
		};
		AB7F827A2716DC300054DA5E /* login */ = {
			isa = PBXGroup;
			children = (
				AB7F827B2716DC4F0054DA5E /* LoginViewController.swift */,
				AB7F82802716E2B50054DA5E /* RegisterViewController.swift */,
				AB7F828327170E4B0054DA5E /* Users.swift */,
				AB9BF7B82723E8A900C5B832 /* ResetViewController.swift */,
			);
			path = login;
			sourceTree = "<group>";
		};
		AB7F8289271710950054DA5E /* utils */ = {
			isa = PBXGroup;
			children = (
				AB24ED0527AE2F25004D34D2 /* udp */,
				AB7ECEC527AD1D40006A2486 /* CleverCam-Bridging-Header.h */,
				AB7F828A271710B30054DA5E /* HttpRequest.swift */,
				AB7F82B4271A9E620054DA5E /* ApiContext.swift */,
				AB7F82B027197DEA0054DA5E /* ApiObjects.swift */,
				AB7F82BB271BE2CA0054DA5E /* Utils.swift */,
				AB7F82E7271ED9230054DA5E /* MJPEGStreamLib.swift */,
				ABDC6F6327296FF100061E9B /* TimeZone.swift */,
			);
			path = utils;
			sourceTree = "<group>";
		};
		AB7F8296271820120054DA5E /* device */ = {
			isa = PBXGroup;
			children = (
				AB6FF122275B351900273902 /* HistoryCell.swift */,
				AB6FF123275B351900273902 /* HistoryCell.xib */,
				AB7F8297271820270054DA5E /* DeviceViewController.swift */,
				AB7F82C2271C45340054DA5E /* HistoryViewController.swift */,
				AB7F82D1271D72CF0054DA5E /* LiveViewController.swift */,
				AB7F82D4271D77460054DA5E /* SettingsViewController.swift */,
				AB389898275B108B00884EFC /* DeviceCell.swift */,
				AB389899275B108B00884EFC /* DeviceCell.xib */,
			);
			path = device;
			sourceTree = "<group>";
		};
		AB7F82D7271D79580054DA5E /* notification */ = {
			isa = PBXGroup;
			children = (
				AB7F82D8271D79780054DA5E /* NotificationViewController.swift */,
				AB5FCE572720124100D695DA /* NotificationCell.swift */,
				AB5FCE582720124100D695DA /* NotificationCell.xib */,
				AB5FCE5C27201D9000D695DA /* BellAlertViewController.swift */,
			);
			path = notification;
			sourceTree = "<group>";
		};
		AB7F82DC271D79840054DA5E /* settings */ = {
			isa = PBXGroup;
			children = (
				AB7F82DD271D79990054DA5E /* GlobalSettingsViewController.swift */,
			);
			path = settings;
			sourceTree = "<group>";
		};
		AB7F82E0271D799E0054DA5E /* bluetooth */ = {
			isa = PBXGroup;
			children = (
				AB7F82E1271D79B30054DA5E /* BluetoothViewController.swift */,
			);
			path = bluetooth;
			sourceTree = "<group>";
		};
		ABA9D2DD276705600039521E /* Frameworks */ = {
			isa = PBXGroup;
			children = (
			);
			name = Frameworks;
			sourceTree = "<group>";
		};
/* End PBXGroup section */

/* Begin PBXNativeTarget section */
		AB2AA5DE276855AA002EB810 /* CleverCamNSE */ = {
			isa = PBXNativeTarget;
			buildConfigurationList = AB2AA5EA276855AA002EB810 /* Build configuration list for PBXNativeTarget "CleverCamNSE" */;
			buildPhases = (
				AB2AA5DB276855AA002EB810 /* Sources */,
				AB2AA5DC276855AA002EB810 /* Frameworks */,
				AB2AA5DD276855AA002EB810 /* Resources */,
			);
			buildRules = (
			);
			dependencies = (
			);
			name = CleverCamNSE;
			packageProductDependencies = (
				CD294B6A2772CC91007FF43E /* FirebaseMessaging */,
			);
			productName = CleverCamNSE;
			productReference = AB2AA5DF276855AA002EB810 /* CleverCamNSE.appex */;
			productType = "com.apple.product-type.app-extension";
		};
		AB7F825A2716D0D70054DA5E /* CleverCam */ = {
			isa = PBXNativeTarget;
			buildConfigurationList = AB7F826F2716D0DF0054DA5E /* Build configuration list for PBXNativeTarget "CleverCam" */;
			buildPhases = (
				AB7F82572716D0D70054DA5E /* Sources */,
				AB7F82582716D0D70054DA5E /* Frameworks */,
				AB7F82592716D0D70054DA5E /* Resources */,
				AB2AA5E7276855AA002EB810 /* Embed App Extensions */,
			);
			buildRules = (
			);
			dependencies = (
				AB2AA5E5276855AA002EB810 /* PBXTargetDependency */,
				ABF755572771D3E800ED8403 /* PBXTargetDependency */,
			);
			name = CleverCam;
			packageProductDependencies = (
				AB7F82742716D7CE0054DA5E /* FirebaseMessaging */,
			);
			productName = CleverCam;
			productReference = AB7F825B2716D0D70054DA5E /* CleverCam.app */;
			productType = "com.apple.product-type.application";
		};
/* End PBXNativeTarget section */

/* Begin PBXProject section */
		AB7F82532716D0D70054DA5E /* Project object */ = {
			isa = PBXProject;
			attributes = {
				LastSwiftUpdateCheck = 1240;
				LastUpgradeCheck = 1240;
				TargetAttributes = {
					AB2AA5DE276855AA002EB810 = {
						CreatedOnToolsVersion = 12.4;
					};
					AB7F825A2716D0D70054DA5E = {
						CreatedOnToolsVersion = 12.4;
						LastSwiftMigration = 1240;
					};
				};
			};
			buildConfigurationList = AB7F82562716D0D70054DA5E /* Build configuration list for PBXProject "CleverCam" */;
			compatibilityVersion = "Xcode 12.0";
			developmentRegion = en;
			hasScannedForEncodings = 0;
			knownRegions = (
				en,
				Base,
			);
			mainGroup = AB7F82522716D0D70054DA5E;
			packageReferences = (
				AB7F82732716D7CE0054DA5E /* XCRemoteSwiftPackageReference "firebase-ios-sdk" */,
			);
			productRefGroup = AB7F825C2716D0D70054DA5E /* Products */;
			projectDirPath = "";
			projectRoot = "";
			targets = (
				AB7F825A2716D0D70054DA5E /* CleverCam */,
				AB2AA5DE276855AA002EB810 /* CleverCamNSE */,
			);
		};
/* End PBXProject section */

/* Begin PBXResourcesBuildPhase section */
		AB2AA5DD276855AA002EB810 /* Resources */ = {
			isa = PBXResourcesBuildPhase;
			buildActionMask = 2147483647;
			files = (
			);
			runOnlyForDeploymentPostprocessing = 0;
		};
		AB7F82592716D0D70054DA5E /* Resources */ = {
			isa = PBXResourcesBuildPhase;
			buildActionMask = 2147483647;
			files = (
				AB7F826B2716D0DF0054DA5E /* LaunchScreen.storyboard in Resources */,
				AB6FF125275B351900273902 /* HistoryCell.xib in Resources */,
				AB7F82782716D86B0054DA5E /* GoogleService-Info.plist in Resources */,
				AB7F82682716D0DF0054DA5E /* Assets.xcassets in Resources */,
				AB7F82662716D0D70054DA5E /* Main.storyboard in Resources */,
				AB5FCE5A2720124100D695DA /* NotificationCell.xib in Resources */,
				AB38989B275B108B00884EFC /* DeviceCell.xib in Resources */,
			);
			runOnlyForDeploymentPostprocessing = 0;
		};
/* End PBXResourcesBuildPhase section */

/* Begin PBXSourcesBuildPhase section */
		AB2AA5DB276855AA002EB810 /* Sources */ = {
			isa = PBXSourcesBuildPhase;
			buildActionMask = 2147483647;
			files = (
				AB2AA5E2276855AA002EB810 /* NotificationService.swift in Sources */,
			);
			runOnlyForDeploymentPostprocessing = 0;
		};
		AB7F82572716D0D70054DA5E /* Sources */ = {
			isa = PBXSourcesBuildPhase;
			buildActionMask = 2147483647;
			files = (
				AB7F827C2716DC4F0054DA5E /* LoginViewController.swift in Sources */,
				AB7F82812716E2B50054DA5E /* RegisterViewController.swift in Sources */,
				AB5FCE5D27201D9000D695DA /* BellAlertViewController.swift in Sources */,
				AB7F82D2271D72CF0054DA5E /* LiveViewController.swift in Sources */,
				AB7F8298271820270054DA5E /* DeviceViewController.swift in Sources */,
				AB38989A275B108B00884EFC /* DeviceCell.swift in Sources */,
				ABEA64F927B771E000DF1AAC /* Broker.swift in Sources */,
				AB7F828427170E4B0054DA5E /* Users.swift in Sources */,
				AB7F82B127197DEA0054DA5E /* ApiObjects.swift in Sources */,
				ABEA64F527B771CC00DF1AAC /* Peer.swift in Sources */,
				ABDC6F6427296FF100061E9B /* TimeZone.swift in Sources */,
				AB7F82C3271C45340054DA5E /* HistoryViewController.swift in Sources */,
				AB7F82BC271BE2CA0054DA5E /* Utils.swift in Sources */,
				AB7F82B5271A9E630054DA5E /* ApiContext.swift in Sources */,
				AB7F82632716D0D70054DA5E /* ViewController.swift in Sources */,
				AB7F82E8271ED9230054DA5E /* MJPEGStreamLib.swift in Sources */,
				AB5FCE592720124100D695DA /* NotificationCell.swift in Sources */,
				AB7F828B271710B30054DA5E /* HttpRequest.swift in Sources */,
				AB7F82D5271D77460054DA5E /* SettingsViewController.swift in Sources */,
				AB7F82D9271D79780054DA5E /* NotificationViewController.swift in Sources */,
				ABEA64D727AE4B7800DF1AAC /* IpUtils.swift in Sources */,
				AB6FF124275B351900273902 /* HistoryCell.swift in Sources */,
				AB7F82DE271D79990054DA5E /* GlobalSettingsViewController.swift in Sources */,
				AB7F82E2271D79B30054DA5E /* BluetoothViewController.swift in Sources */,
				AB7F825F2716D0D70054DA5E /* AppDelegate.swift in Sources */,
				AB24ED0B27AE2F83004D34D2 /* ClientConnection.swift in Sources */,
				AB9BF7B92723E8A900C5B832 /* ResetViewController.swift in Sources */,
				AB7F82612716D0D70054DA5E /* SceneDelegate.swift in Sources */,
			);
			runOnlyForDeploymentPostprocessing = 0;
		};
/* End PBXSourcesBuildPhase section */

/* Begin PBXTargetDependency section */
		AB2AA5E5276855AA002EB810 /* PBXTargetDependency */ = {
			isa = PBXTargetDependency;
			target = AB2AA5DE276855AA002EB810 /* CleverCamNSE */;
			targetProxy = AB2AA5E4276855AA002EB810 /* PBXContainerItemProxy */;
		};
		ABF755572771D3E800ED8403 /* PBXTargetDependency */ = {
			isa = PBXTargetDependency;
			target = AB2AA5DE276855AA002EB810 /* CleverCamNSE */;
			targetProxy = ABF755562771D3E800ED8403 /* PBXContainerItemProxy */;
		};
/* End PBXTargetDependency section */

/* Begin PBXVariantGroup section */
		AB7F82642716D0D70054DA5E /* Main.storyboard */ = {
			isa = PBXVariantGroup;
			children = (
				AB7F82652716D0D70054DA5E /* Base */,
			);
			name = Main.storyboard;
			sourceTree = "<group>";
		};
		AB7F82692716D0DF0054DA5E /* LaunchScreen.storyboard */ = {
			isa = PBXVariantGroup;
			children = (
				AB7F826A2716D0DF0054DA5E /* Base */,
			);
			name = LaunchScreen.storyboard;
			sourceTree = "<group>";
		};
/* End PBXVariantGroup section */

/* Begin XCBuildConfiguration section */
		AB2AA5E8276855AA002EB810 /* Debug */ = {
			isa = XCBuildConfiguration;
			buildSettings = {
				CODE_SIGN_ENTITLEMENTS = CleverCamNSE/CleverCamNSE.entitlements;
				CODE_SIGN_STYLE = Automatic;
				CURRENT_PROJECT_VERSION = 4;
				DEVELOPMENT_TEAM = N75U3D8GN7;
				INFOPLIST_FILE = CleverCamNSE/Info.plist;
				IPHONEOS_DEPLOYMENT_TARGET = 14.1;
				LD_RUNPATH_SEARCH_PATHS = (
					"$(inherited)",
					"@executable_path/Frameworks",
					"@executable_path/../../Frameworks",
				);
				MARKETING_VERSION = 1.1;
				PRODUCT_BUNDLE_IDENTIFIER = com.ibeyonde.cam.CleverCamNSE;
				PRODUCT_NAME = "$(TARGET_NAME)";
				SKIP_INSTALL = YES;
				SWIFT_VERSION = 5.0;
				TARGETED_DEVICE_FAMILY = "1,2";
			};
			name = Debug;
		};
		AB2AA5E9276855AA002EB810 /* Release */ = {
			isa = XCBuildConfiguration;
			buildSettings = {
				CODE_SIGN_ENTITLEMENTS = CleverCamNSE/CleverCamNSE.entitlements;
				CODE_SIGN_STYLE = Automatic;
				CURRENT_PROJECT_VERSION = 4;
				DEVELOPMENT_TEAM = N75U3D8GN7;
				INFOPLIST_FILE = CleverCamNSE/Info.plist;
				IPHONEOS_DEPLOYMENT_TARGET = 14.1;
				LD_RUNPATH_SEARCH_PATHS = (
					"$(inherited)",
					"@executable_path/Frameworks",
					"@executable_path/../../Frameworks",
				);
				MARKETING_VERSION = 1.1;
				PRODUCT_BUNDLE_IDENTIFIER = com.ibeyonde.cam.CleverCamNSE;
				PRODUCT_NAME = "$(TARGET_NAME)";
				SKIP_INSTALL = YES;
				SWIFT_VERSION = 5.0;
				TARGETED_DEVICE_FAMILY = "1,2";
			};
			name = Release;
		};
		AB7F826D2716D0DF0054DA5E /* Debug */ = {
			isa = XCBuildConfiguration;
			buildSettings = {
				ALWAYS_SEARCH_USER_PATHS = NO;
				CLANG_ANALYZER_NONNULL = YES;
				CLANG_ANALYZER_NUMBER_OBJECT_CONVERSION = YES_AGGRESSIVE;
				CLANG_CXX_LANGUAGE_STANDARD = "gnu++14";
				CLANG_CXX_LIBRARY = "libc++";
				CLANG_ENABLE_MODULES = YES;
				CLANG_ENABLE_OBJC_ARC = YES;
				CLANG_ENABLE_OBJC_WEAK = YES;
				CLANG_WARN_BLOCK_CAPTURE_AUTORELEASING = YES;
				CLANG_WARN_BOOL_CONVERSION = YES;
				CLANG_WARN_COMMA = YES;
				CLANG_WARN_CONSTANT_CONVERSION = YES;
				CLANG_WARN_DEPRECATED_OBJC_IMPLEMENTATIONS = YES;
				CLANG_WARN_DIRECT_OBJC_ISA_USAGE = YES_ERROR;
				CLANG_WARN_DOCUMENTATION_COMMENTS = YES;
				CLANG_WARN_EMPTY_BODY = YES;
				CLANG_WARN_ENUM_CONVERSION = YES;
				CLANG_WARN_INFINITE_RECURSION = YES;
				CLANG_WARN_INT_CONVERSION = YES;
				CLANG_WARN_NON_LITERAL_NULL_CONVERSION = YES;
				CLANG_WARN_OBJC_IMPLICIT_RETAIN_SELF = YES;
				CLANG_WARN_OBJC_LITERAL_CONVERSION = YES;
				CLANG_WARN_OBJC_ROOT_CLASS = YES_ERROR;
				CLANG_WARN_QUOTED_INCLUDE_IN_FRAMEWORK_HEADER = YES;
				CLANG_WARN_RANGE_LOOP_ANALYSIS = YES;
				CLANG_WARN_STRICT_PROTOTYPES = YES;
				CLANG_WARN_SUSPICIOUS_MOVE = YES;
				CLANG_WARN_UNGUARDED_AVAILABILITY = YES_AGGRESSIVE;
				CLANG_WARN_UNREACHABLE_CODE = YES;
				CLANG_WARN__DUPLICATE_METHOD_MATCH = YES;
				COPY_PHASE_STRIP = NO;
				DEBUG_INFORMATION_FORMAT = dwarf;
				ENABLE_STRICT_OBJC_MSGSEND = YES;
				ENABLE_TESTABILITY = YES;
				GCC_C_LANGUAGE_STANDARD = gnu11;
				GCC_DYNAMIC_NO_PIC = NO;
				GCC_NO_COMMON_BLOCKS = YES;
				GCC_OPTIMIZATION_LEVEL = 0;
				GCC_PREPROCESSOR_DEFINITIONS = (
					"DEBUG=1",
					"$(inherited)",
				);
				GCC_WARN_64_TO_32_BIT_CONVERSION = YES;
				GCC_WARN_ABOUT_RETURN_TYPE = YES_ERROR;
				GCC_WARN_UNDECLARED_SELECTOR = YES;
				GCC_WARN_UNINITIALIZED_AUTOS = YES_AGGRESSIVE;
				GCC_WARN_UNUSED_FUNCTION = YES;
				GCC_WARN_UNUSED_VARIABLE = YES;
				IPHONEOS_DEPLOYMENT_TARGET = 14.4;
				MTL_ENABLE_DEBUG_INFO = INCLUDE_SOURCE;
				MTL_FAST_MATH = YES;
				ONLY_ACTIVE_ARCH = YES;
				SDKROOT = iphoneos;
				SWIFT_ACTIVE_COMPILATION_CONDITIONS = DEBUG;
				SWIFT_OPTIMIZATION_LEVEL = "-Onone";
			};
			name = Debug;
		};
		AB7F826E2716D0DF0054DA5E /* Release */ = {
			isa = XCBuildConfiguration;
			buildSettings = {
				ALWAYS_SEARCH_USER_PATHS = NO;
				CLANG_ANALYZER_NONNULL = YES;
				CLANG_ANALYZER_NUMBER_OBJECT_CONVERSION = YES_AGGRESSIVE;
				CLANG_CXX_LANGUAGE_STANDARD = "gnu++14";
				CLANG_CXX_LIBRARY = "libc++";
				CLANG_ENABLE_MODULES = YES;
				CLANG_ENABLE_OBJC_ARC = YES;
				CLANG_ENABLE_OBJC_WEAK = YES;
				CLANG_WARN_BLOCK_CAPTURE_AUTORELEASING = YES;
				CLANG_WARN_BOOL_CONVERSION = YES;
				CLANG_WARN_COMMA = YES;
				CLANG_WARN_CONSTANT_CONVERSION = YES;
				CLANG_WARN_DEPRECATED_OBJC_IMPLEMENTATIONS = YES;
				CLANG_WARN_DIRECT_OBJC_ISA_USAGE = YES_ERROR;
				CLANG_WARN_DOCUMENTATION_COMMENTS = YES;
				CLANG_WARN_EMPTY_BODY = YES;
				CLANG_WARN_ENUM_CONVERSION = YES;
				CLANG_WARN_INFINITE_RECURSION = YES;
				CLANG_WARN_INT_CONVERSION = YES;
				CLANG_WARN_NON_LITERAL_NULL_CONVERSION = YES;
				CLANG_WARN_OBJC_IMPLICIT_RETAIN_SELF = YES;
				CLANG_WARN_OBJC_LITERAL_CONVERSION = YES;
				CLANG_WARN_OBJC_ROOT_CLASS = YES_ERROR;
				CLANG_WARN_QUOTED_INCLUDE_IN_FRAMEWORK_HEADER = YES;
				CLANG_WARN_RANGE_LOOP_ANALYSIS = YES;
				CLANG_WARN_STRICT_PROTOTYPES = YES;
				CLANG_WARN_SUSPICIOUS_MOVE = YES;
				CLANG_WARN_UNGUARDED_AVAILABILITY = YES_AGGRESSIVE;
				CLANG_WARN_UNREACHABLE_CODE = YES;
				CLANG_WARN__DUPLICATE_METHOD_MATCH = YES;
				COPY_PHASE_STRIP = NO;
				DEBUG_INFORMATION_FORMAT = "dwarf-with-dsym";
				ENABLE_NS_ASSERTIONS = NO;
				ENABLE_STRICT_OBJC_MSGSEND = YES;
				GCC_C_LANGUAGE_STANDARD = gnu11;
				GCC_NO_COMMON_BLOCKS = YES;
				GCC_WARN_64_TO_32_BIT_CONVERSION = YES;
				GCC_WARN_ABOUT_RETURN_TYPE = YES_ERROR;
				GCC_WARN_UNDECLARED_SELECTOR = YES;
				GCC_WARN_UNINITIALIZED_AUTOS = YES_AGGRESSIVE;
				GCC_WARN_UNUSED_FUNCTION = YES;
				GCC_WARN_UNUSED_VARIABLE = YES;
				IPHONEOS_DEPLOYMENT_TARGET = 14.4;
				MTL_ENABLE_DEBUG_INFO = NO;
				MTL_FAST_MATH = YES;
				SDKROOT = iphoneos;
				SWIFT_COMPILATION_MODE = wholemodule;
				SWIFT_OPTIMIZATION_LEVEL = "-O";
				VALIDATE_PRODUCT = YES;
			};
			name = Release;
		};
		AB7F82702716D0DF0054DA5E /* Debug */ = {
			isa = XCBuildConfiguration;
			buildSettings = {
				ALWAYS_EMBED_SWIFT_STANDARD_LIBRARIES = YES;
				ASSETCATALOG_COMPILER_APPICON_NAME = AppIcon;
				ASSETCATALOG_COMPILER_GLOBAL_ACCENT_COLOR_NAME = AccentColor;
				CLANG_ENABLE_MODULES = YES;
				CODE_SIGN_ENTITLEMENTS = CleverCam/CleverCam.entitlements;
				CODE_SIGN_STYLE = Automatic;
				CURRENT_PROJECT_VERSION = 4;
				DEVELOPMENT_TEAM = N75U3D8GN7;
				INFOPLIST_FILE = CleverCam/Info.plist;
				IPHONEOS_DEPLOYMENT_TARGET = 14.1;
				LD_RUNPATH_SEARCH_PATHS = (
					"$(inherited)",
					"@executable_path/Frameworks",
				);
				MARKETING_VERSION = 1.1;
				OTHER_CODE_SIGN_FLAGS = "--generate-entitlement-der";
				PRODUCT_BUNDLE_IDENTIFIER = com.ibeyonde.cam;
				PRODUCT_NAME = "$(TARGET_NAME)";
				SWIFT_OBJC_BRIDGING_HEADER = "CleverCam/utils/CleverCam-Bridging-Header.h";
				SWIFT_OPTIMIZATION_LEVEL = "-Onone";
				SWIFT_VERSION = 5.0;
				TARGETED_DEVICE_FAMILY = 1;
			};
			name = Debug;
		};
		AB7F82712716D0DF0054DA5E /* Release */ = {
			isa = XCBuildConfiguration;
			buildSettings = {
				ALWAYS_EMBED_SWIFT_STANDARD_LIBRARIES = YES;
				ASSETCATALOG_COMPILER_APPICON_NAME = AppIcon;
				ASSETCATALOG_COMPILER_GLOBAL_ACCENT_COLOR_NAME = AccentColor;
				CLANG_ENABLE_MODULES = YES;
				CODE_SIGN_ENTITLEMENTS = CleverCam/CleverCam.entitlements;
				CODE_SIGN_STYLE = Automatic;
				CURRENT_PROJECT_VERSION = 4;
				DEVELOPMENT_TEAM = N75U3D8GN7;
				INFOPLIST_FILE = CleverCam/Info.plist;
				IPHONEOS_DEPLOYMENT_TARGET = 14.1;
				LD_RUNPATH_SEARCH_PATHS = (
					"$(inherited)",
					"@executable_path/Frameworks",
				);
				MARKETING_VERSION = 1.1;
				OTHER_CODE_SIGN_FLAGS = "--generate-entitlement-der";
				PRODUCT_BUNDLE_IDENTIFIER = com.ibeyonde.cam;
				PRODUCT_NAME = "$(TARGET_NAME)";
				SWIFT_OBJC_BRIDGING_HEADER = "CleverCam/utils/CleverCam-Bridging-Header.h";
				SWIFT_VERSION = 5.0;
				TARGETED_DEVICE_FAMILY = 1;
			};
			name = Release;
		};
/* End XCBuildConfiguration section */

/* Begin XCConfigurationList section */
		AB2AA5EA276855AA002EB810 /* Build configuration list for PBXNativeTarget "CleverCamNSE" */ = {
			isa = XCConfigurationList;
			buildConfigurations = (
				AB2AA5E8276855AA002EB810 /* Debug */,
				AB2AA5E9276855AA002EB810 /* Release */,
			);
			defaultConfigurationIsVisible = 0;
			defaultConfigurationName = Release;
		};
		AB7F82562716D0D70054DA5E /* Build configuration list for PBXProject "CleverCam" */ = {
			isa = XCConfigurationList;
			buildConfigurations = (
				AB7F826D2716D0DF0054DA5E /* Debug */,
				AB7F826E2716D0DF0054DA5E /* Release */,
			);
			defaultConfigurationIsVisible = 0;
			defaultConfigurationName = Release;
		};
		AB7F826F2716D0DF0054DA5E /* Build configuration list for PBXNativeTarget "CleverCam" */ = {
			isa = XCConfigurationList;
			buildConfigurations = (
				AB7F82702716D0DF0054DA5E /* Debug */,
				AB7F82712716D0DF0054DA5E /* Release */,
			);
			defaultConfigurationIsVisible = 0;
			defaultConfigurationName = Release;
		};
/* End XCConfigurationList section */

/* Begin XCRemoteSwiftPackageReference section */
		AB7F82732716D7CE0054DA5E /* XCRemoteSwiftPackageReference "firebase-ios-sdk" */ = {
			isa = XCRemoteSwiftPackageReference;
			repositoryURL = "https://github.com/firebase/firebase-ios-sdk.git";
			requirement = {
				kind = upToNextMajorVersion;
				minimumVersion = 8.8.1;
			};
		};
/* End XCRemoteSwiftPackageReference section */

/* Begin XCSwiftPackageProductDependency section */
		AB7F82742716D7CE0054DA5E /* FirebaseMessaging */ = {
			isa = XCSwiftPackageProductDependency;
			package = AB7F82732716D7CE0054DA5E /* XCRemoteSwiftPackageReference "firebase-ios-sdk" */;
			productName = FirebaseMessaging;
		};
		CD294B6A2772CC91007FF43E /* FirebaseMessaging */ = {
			isa = XCSwiftPackageProductDependency;
			package = AB7F82732716D7CE0054DA5E /* XCRemoteSwiftPackageReference "firebase-ios-sdk" */;
			productName = FirebaseMessaging;
		};
/* End XCSwiftPackageProductDependency section */
	};
	rootObject = AB7F82532716D0D70054DA5E /* Project object */;
}
